
Microsoft Visual Studio Solution File, Format Version 12.00
# Visual Studio Version 16
VisualStudioVersion = 16.0.30002.166
MinimumVisualStudioVersion = 10.0.40219.1
Project("{FAE04EC0-301F-11D3-BF4B-00C04F79EFBC}") = "Zadanie", "Zadanie\Zadanie.csproj", "{D91E80E1-975B-47DB-88F8-810E405546DA}"
EndProject
Global
	GlobalSection(SolutionConfigurationPlatforms) = preSolution
		Debug|Any CPU = Debug|Any CPU
		Release|Any CPU = Release|Any CPU
	EndGlobalSection
	GlobalSection(ProjectConfigurationPlatforms) = postSolution
		{D91E80E1-975B-47DB-88F8-810E405546DA}.Debug|Any CPU.ActiveCfg = Debug|Any CPU
		{D91E80E1-975B-47DB-88F8-810E405546DA}.Debug|Any CPU.Build.0 = Debug|Any CPU
		{D91E80E1-975B-47DB-88F8-810E405546DA}.Release|Any CPU.ActiveCfg = Release|Any CPU
		{D91E80E1-975B-47DB-88F8-810E405546DA}.Release|Any CPU.Build.0 = Release|Any CPU
	EndGlobalSection
	GlobalSection(SolutionProperties) = preSolution
		HideSolutionNode = FALSE
	EndGlobalSection
	GlobalSection(ExtensibilityGlobals) = postSolution
		SolutionGuid = {301CA05A-DE07-42BF-968E-187442825764}
	EndGlobalSection
EndGlobal
